lockfileVersion: '9.0'

settings:
  autoInstallPeers: true
  excludeLinksFromLockfile: false

importers:

  .:
    devDependencies:
      '@keep-network/prettier-config-keep':
        specifier: github:keep-network/prettier-config-keep
        version: https://codeload.github.com/keep-network/prettier-config-keep/tar.gz/a1a333e7ac49928a0f6ed39421906dd1e46ab0f3(prettier@2.8.8)
      prettier:
        specifier: ^2.3.2
        version: 2.8.8
      prettier-plugin-sh:
        specifier: ^0.7.1
        version: 0.7.1(prettier@2.8.8)
      prettier-plugin-solidity:
        specifier: ^1.0.0-beta.14
        version: 1.4.3(prettier@2.8.8)

packages:

  '@keep-network/prettier-config-keep@https://codeload.github.com/keep-network/prettier-config-keep/tar.gz/a1a333e7ac49928a0f6ed39421906dd1e46ab0f3':
    resolution: {gitHosted: true, tarball: https://codeload.github.com/keep-network/prettier-config-keep/tar.gz/a1a333e7ac49928a0f6ed39421906dd1e46ab0f3}
    version: 0.0.1
    peerDependencies:
      prettier: ^2.3.0

  '@solidity-parser/parser@0.20.2':
    resolution: {integrity: sha512-rbu0bzwNvMcwAjH86hiEAcOeRI2EeK8zCkHDrFykh/Al8mvJeFmjy3UrE7GYQjNwOgbGUUtCn5/k8CB8zIu7QA==}

  mvdan-sh@0.5.0:
    resolution: {integrity: sha512-UWbdl4LHd2fUnaEcOUFVWRdWGLkNoV12cKVIPiirYd8qM5VkCoCTXErlDubevrkEG7kGohvjRxAlTQmOqG80tw==}
    deprecated: See https://github.com/mvdan/sh/issues/1145

  prettier-plugin-sh@0.7.1:
    resolution: {integrity: sha512-2MWRdGOSz0yf/z2kTKF1AqxDuH9MZD8faoDAz5ySGphxssi9oyM3Ys+jp7AfqsCXvGUDbRA4EJOlKS0yZKAW6w==}
    peerDependencies:
      prettier: ^2.0.5

  prettier-plugin-solidity@1.4.3:
    resolution: {integrity: sha512-Mrr/iiR9f9IaeGRMZY2ApumXcn/C5Gs3S7B7hWB3gigBFML06C0yEyW86oLp0eqiA0qg+46FaChgLPJCj/pIlg==}
    engines: {node: '>=18'}
    peerDependencies:
      prettier: '>=2.3.0'

  prettier@2.8.8:
    resolution: {integrity: sha512-tdN8qQGvNjw4CHbY+XXk0JgCXn9QiF21a55rBe5LJAU+kDyC4WQn4+awm2Xfk2lQMk5fKup9XgzTZtGkjBdP9Q==}
    engines: {node: '>=10.13.0'}
    hasBin: true

  semver@7.8.5:
    resolution: {integrity: sha512-Y7/KDsb8LjooZpwaqGyulO6DQlksgCncchHGk+sZIY4SBvUocMBEFH5Ur1fI4dV+Jvl0w6cjvucaIi40puRioA==}
    engines: {node: '>=10'}
    hasBin: true

snapshots:

  '@keep-network/prettier-config-keep@https://codeload.github.com/keep-network/prettier-config-keep/tar.gz/a1a333e7ac49928a0f6ed39421906dd1e46ab0f3(prettier@2.8.8)':
    dependencies:
      prettier: 2.8.8

  '@solidity-parser/parser@0.20.2': {}

  mvdan-sh@0.5.0: {}

  prettier-plugin-sh@0.7.1(prettier@2.8.8):
    dependencies:
      mvdan-sh: 0.5.0
      prettier: 2.8.8

  prettier-plugin-solidity@1.4.3(prettier@2.8.8):
    dependencies:
      '@solidity-parser/parser': 0.20.2
      prettier: 2.8.8
      semver: 7.8.5

  prettier@2.8.8: {}

  semver@7.8.5: {}
